// !$*UTF8*$!
{
	archiveVersion = 1;
	classes = {
	};
	objectVersion = 46;
	objects = {

/* Begin PBXBuildFile section */
		295FDE641DC0979400524B48 /* newtestViewController.m in Sources */ = {isa = PBXBuildFile; fileRef = 295FDE631DC0979400524B48 /* newtestViewController.m */; };
		296844B41DBF00EB00992DC5 /* test2.jpg in Resources */ = {isa = PBXBuildFile; fileRef = 296844B31DBF00EB00992DC5 /* test2.jpg */; };
		2970D27F1DBDBA6000A5D1EB /* main.m in Sources */ = {isa = PBXBuildFile; fileRef = 2970D27E1DBDBA6000A5D1EB /* main.m */; };
		2970D2821DBDBA6000A5D1EB /* AppDelegate.m in Sources */ = {isa = PBXBuildFile; fileRef = 2970D2811DBDBA6000A5D1EB /* AppDelegate.m */; };
		2970D2851DBDBA6000A5D1EB /* ViewController.m in Sources */ = {isa = PBXBuildFile; fileRef = 2970D2841DBDBA6000A5D1EB /* ViewController.m */; };
		2970D2881DBDBA6000A5D1EB /* Main.storyboard in Resources */ = {isa = PBXBuildFile; fileRef = 2970D2861DBDBA6000A5D1EB /* Main.storyboard */; };
		2970D28A1DBDBA6000A5D1EB /* Assets.xcassets in Resources */ = {isa = PBXBuildFile; fileRef = 2970D2891DBDBA6000A5D1EB /* Assets.xcassets */; };
		2970D28D1DBDBA6000A5D1EB /* LaunchScreen.storyboard in Resources */ = {isa = PBXBuildFile; fileRef = 2970D28B1DBDBA6000A5D1EB /* LaunchScreen.storyboard */; };
		29F30C411DC199B0001A52DE /* MASCompositeConstraint.m in Sources */ = {isa = PBXBuildFile; fileRef = 29F30C2A1DC199B0001A52DE /* MASCompositeConstraint.m */; };
		29F30C421DC199B0001A52DE /* MASConstraint.m in Sources */ = {isa = PBXBuildFile; fileRef = 29F30C2D1DC199B0001A52DE /* MASConstraint.m */; };
		29F30C431DC199B0001A52DE /* MASConstraintMaker.m in Sources */ = {isa = PBXBuildFile; fileRef = 29F30C2F1DC199B0001A52DE /* MASConstraintMaker.m */; };
		29F30C441DC199B0001A52DE /* MASLayoutConstraint.m in Sources */ = {isa = PBXBuildFile; fileRef = 29F30C311DC199B0001A52DE /* MASLayoutConstraint.m */; };
		29F30C451DC199B0001A52DE /* MASViewAttribute.m in Sources */ = {isa = PBXBuildFile; fileRef = 29F30C351DC199B0001A52DE /* MASViewAttribute.m */; };
		29F30C461DC199B0001A52DE /* MASViewConstraint.m in Sources */ = {isa = PBXBuildFile; fileRef = 29F30C371DC199B0001A52DE /* MASViewConstraint.m */; };
		29F30C471DC199B0001A52DE /* NSArray+MASAdditions.m in Sources */ = {isa = PBXBuildFile; fileRef = 29F30C391DC199B0001A52DE /* NSArray+MASAdditions.m */; };
		29F30C481DC199B0001A52DE /* NSLayoutConstraint+MASDebugAdditions.m in Sources */ = {isa = PBXBuildFile; fileRef = 29F30C3C1DC199B0001A52DE /* NSLayoutConstraint+MASDebugAdditions.m */; };
		29F30C491DC199B0001A52DE /* View+MASAdditions.m in Sources */ = {isa = PBXBuildFile; fileRef = 29F30C3E1DC199B0001A52DE /* View+MASAdditions.m */; };
/* End PBXBuildFile section */

/* Begin PBXFileReference section */
		295FDE621DC0979400524B48 /* newtestViewController.h */ = {isa = PBXFileReference; fileEncoding = 4; lastKnownFileType = sourcecode.c.h; path = newtestViewController.h; sourceTree = "<group>"; };
		295FDE631DC0979400524B48 /* newtestViewController.m */ = {isa = PBXFileReference; fileEncoding = 4; lastKnownFileType = sourcecode.c.objc; path = newtestViewController.m; sourceTree = "<group>"; };
		296844B31DBF00EB00992DC5 /* test2.jpg */ = {isa = PBXFileReference; lastKnownFileType = image.jpeg; name = test2.jpg; path = ../../glrb/glrb/glrb/Images/all/test2.jpg; sourceTree = "<group>"; };
		2970D27A1DBDBA6000A5D1EB /* GitDemo.app */ = {isa = PBXFileReference; explicitFileType = wrapper.application; includeInIndex = 0; path = GitDemo.app; sourceTree = BUILT_PRODUCTS_DIR; };
		2970D27E1DBDBA6000A5D1EB /* main.m */ = {isa = PBXFileReference; lastKnownFileType = sourcecode.c.objc; path = main.m; sourceTree = "<group>"; };
		2970D2801DBDBA6000A5D1EB /* AppDelegate.h */ = {isa = PBXFileReference; lastKnownFileType = sourcecode.c.h; path = AppDelegate.h; sourceTree = "<group>"; };
		2970D2811DBDBA6000A5D1EB /* AppDelegate.m */ = {isa = PBXFileReference; lastKnownFileType = sourcecode.c.objc; path = AppDelegate.m; sourceTree = "<group>"; };
		2970D2831DBDBA6000A5D1EB /* ViewController.h */ = {isa = PBXFileReference; lastKnownFileType = sourcecode.c.h; path = ViewController.h; sourceTree = "<group>"; };
		2970D2841DBDBA6000A5D1EB /* ViewController.m */ = {isa = PBXFileReference; lastKnownFileType = sourcecode.c.objc; path = ViewController.m; sourceTree = "<group>"; };
		2970D2871DBDBA6000A5D1EB /* Base */ = {isa = PBXFileReference; lastKnownFileType = file.storyboard; name = Base; path = Base.lproj/Main.storyboard; sourceTree = "<group>"; };
		2970D2891DBDBA6000A5D1EB /* Assets.xcassets */ = {isa = PBXFileReference; lastKnownFileType = folder.assetcatalog; path = Assets.xcassets; sourceTree = "<group>"; };
		2970D28C1DBDBA6000A5D1EB /* Base */ = {isa = PBXFileReference; lastKnownFileType = file.storyboard; name = Base; path = Base.lproj/LaunchScreen.storyboard; sourceTree = "<group>"; };
		2970D28E1DBDBA6000A5D1EB /* Info.plist */ = {isa = PBXFileReference; lastKnownFileType = text.plist.xml; path = Info.plist; sourceTree = "<group>"; };
		29F30C291DC199B0001A52DE /* MASCompositeConstraint.h */ = {isa = PBXFileReference; fileEncoding = 4; lastKnownFileType = sourcecode.c.h; path = MASCompositeConstraint.h; sourceTree = "<group>"; };
		29F30C2A1DC199B0001A52DE /* MASCompositeConstraint.m */ = {isa = PBXFileReference; fileEncoding = 4; lastKnownFileType = sourcecode.c.objc; path = MASCompositeConstraint.m; sourceTree = "<group>"; };
		29F30C2B1DC199B0001A52DE /* MASConstraint+Private.h */ = {isa = PBXFileReference; fileEncoding = 4; lastKnownFileType = sourcecode.c.h; path = "MASConstraint+Private.h"; sourceTree = "<group>"; };
		29F30C2C1DC199B0001A52DE /* MASConstraint.h */ = {isa = PBXFileReference; fileEncoding = 4; lastKnownFileType = sourcecode.c.h; path = MASConstraint.h; sourceTree = "<group>"; };
		29F30C2D1DC199B0001A52DE /* MASConstraint.m */ = {isa = PBXFileReference; fileEncoding = 4; lastKnownFileType = sourcecode.c.objc; path = MASConstraint.m; sourceTree = "<group>"; };
		29F30C2E1DC199B0001A52DE /* MASConstraintMaker.h */ = {isa = PBXFileReference; fileEncoding = 4; lastKnownFileType = sourcecode.c.h; path = MASConstraintMaker.h; sourceTree = "<group>"; };
		29F30C2F1DC199B0001A52DE /* MASConstraintMaker.m */ = {isa = PBXFileReference; fileEncoding = 4; lastKnownFileType = sourcecode.c.objc; path = MASConstraintMaker.m; sourceTree = "<group>"; };
		29F30C301DC199B0001A52DE /* MASLayoutConstraint.h */ = {isa = PBXFileReference; fileEncoding = 4; lastKnownFileType = sourcecode.c.h; path = MASLayoutConstraint.h; sourceTree = "<group>"; };
		29F30C311DC199B0001A52DE /* MASLayoutConstraint.m */ = {isa = PBXFileReference; fileEncoding = 4; lastKnownFileType = sourcecode.c.objc; path = MASLayoutConstraint.m; sourceTree = "<group>"; };
		29F30C321DC199B0001A52DE /* Masonry.h */ = {isa = PBXFileReference; fileEncoding = 4; lastKnownFileType = sourcecode.c.h; path = Masonry.h; sourceTree = "<group>"; };
		29F30C331DC199B0001A52DE /* MASUtilities.h */ = {isa = PBXFileReference; fileEncoding = 4; lastKnownFileType = sourcecode.c.h; path = MASUtilities.h; sourceTree = "<group>"; };
		29F30C341DC199B0001A52DE /* MASViewAttribute.h */ = {isa = PBXFileReference; fileEncoding = 4; lastKnownFileType = sourcecode.c.h; path = MASViewAttribute.h; sourceTree = "<group>"; };
		29F30C351DC199B0001A52DE /* MASViewAttribute.m */ = {isa = PBXFileReference; fileEncoding = 4; lastKnownFileType = sourcecode.c.objc; path = MASViewAttribute.m; sourceTree = "<group>"; };
		29F30C361DC199B0001A52DE /* MASViewConstraint.h */ = {isa = PBXFileReference; fileEncoding = 4; lastKnownFileType = sourcecode.c.h; path = MASViewConstraint.h; sourceTree = "<group>"; };
		29F30C371DC199B0001A52DE /* MASViewConstraint.m */ = {isa = PBXFileReference; fileEncoding = 4; lastKnownFileType = sourcecode.c.objc; path = MASViewConstraint.m; sourceTree = "<group>"; };
		29F30C381DC199B0001A52DE /* NSArray+MASAdditions.h */ = {isa = PBXFileReference; fileEncoding = 4; lastKnownFileType = sourcecode.c.h; path = "NSArray+MASAdditions.h"; sourceTree = "<group>"; };
		29F30C391DC199B0001A52DE /* NSArray+MASAdditions.m */ = {isa = PBXFileReference; fileEncoding = 4; lastKnownFileType = sourcecode.c.objc; path = "NSArray+MASAdditions.m"; sourceTree = "<group>"; };
		29F30C3A1DC199B0001A52DE /* NSArray+MASShorthandAdditions.h */ = {isa = PBXFileReference; fileEncoding = 4; lastKnownFileType = sourcecode.c.h; path = "NSArray+MASShorthandAdditions.h"; sourceTree = "<group>"; };
		29F30C3B1DC199B0001A52DE /* NSLayoutConstraint+MASDebugAdditions.h */ = {isa = PBXFileReference; fileEncoding = 4; lastKnownFileType = sourcecode.c.h; path = "NSLayoutConstraint+MASDebugAdditions.h"; sourceTree = "<group>"; };
		29F30C3C1DC199B0001A52DE /* NSLayoutConstraint+MASDebugAdditions.m */ = {isa = PBXFileReference; fileEncoding = 4; lastKnownFileType = sourcecode.c.objc; path = "NSLayoutConstraint+MASDebugAdditions.m"; sourceTree = "<group>"; };
		29F30C3D1DC199B0001A52DE /* View+MASAdditions.h */ = {isa = PBXFileReference; fileEncoding = 4; lastKnownFileType = sourcecode.c.h; path = "View+MASAdditions.h"; sourceTree = "<group>"; };
		29F30C3E1DC199B0001A52DE /* View+MASAdditions.m */ = {isa = PBXFileReference; fileEncoding = 4; lastKnownFileType = sourcecode.c.objc; path = "View+MASAdditions.m"; sourceTree = "<group>"; };
		29F30C3F1DC199B0001A52DE /* View+MASShorthandAdditions.h */ = {isa = PBXFileReference; fileEncoding = 4; lastKnownFileType = sourcecode.c.h; path = "View+MASShorthandAdditions.h"; sourceTree = "<group>"; };
/* End PBXFileReference section */

/* Begin PBXFrameworksBuildPhase section */
		2970D2771DBDBA6000A5D1EB /* Frameworks */ = {
			isa = PBXFrameworksBuildPhase;
			buildActionMask = 2147483647;
			files = (
			);
			runOnlyForDeploymentPostprocessing = 0;
		};
/* End PBXFrameworksBuildPhase section */

/* Begin PBXGroup section */
		2970D2711DBDBA6000A5D1EB = {
			isa = PBXGroup;
			children = (
				2970D27C1DBDBA6000A5D1EB /* GitDemo */,
				2970D27B1DBDBA6000A5D1EB /* Products */,
			);
			sourceTree = "<group>";
		};
		2970D27B1DBDBA6000A5D1EB /* Products */ = {
			isa = PBXGroup;
			children = (
				2970D27A1DBDBA6000A5D1EB /* GitDemo.app */,
			);
			name = Products;
			sourceTree = "<group>";
		};
		2970D27C1DBDBA6000A5D1EB /* GitDemo */ = {
			isa = PBXGroup;
			children = (
				29F30C271DC199B0001A52DE /* Masonry */,
				296844B31DBF00EB00992DC5 /* test2.jpg */,
				2970D2801DBDBA6000A5D1EB /* AppDelegate.h */,
				2970D2811DBDBA6000A5D1EB /* AppDelegate.m */,
				2970D2831DBDBA6000A5D1EB /* ViewController.h */,
				2970D2841DBDBA6000A5D1EB /* ViewController.m */,
				2970D2861DBDBA6000A5D1EB /* Main.storyboard */,
				2970D2891DBDBA6000A5D1EB /* Assets.xcassets */,
				2970D28B1DBDBA6000A5D1EB /* LaunchScreen.storyboard */,
				2970D28E1DBDBA6000A5D1EB /* Info.plist */,
				2970D27D1DBDBA6000A5D1EB /* Supporting Files */,
				295FDE621DC0979400524B48 /* newtestViewController.h */,
				295FDE631DC0979400524B48 /* newtestViewController.m */,
			);
			path = GitDemo;
			sourceTree = "<group>";
		};
		2970D27D1DBDBA6000A5D1EB /* Supporting Files */ = {
			isa = PBXGroup;
			children = (
				2970D27E1DBDBA6000A5D1EB /* main.m */,
			);
			name = "Supporting Files";
			sourceTree = "<group>";
		};
		29F30C271DC199B0001A52DE /* Masonry */ = {
			isa = PBXGroup;
			children = (
				29F30C291DC199B0001A52DE /* MASCompositeConstraint.h */,
				29F30C2A1DC199B0001A52DE /* MASCompositeConstraint.m */,
				29F30C2B1DC199B0001A52DE /* MASConstraint+Private.h */,
				29F30C2C1DC199B0001A52DE /* MASConstraint.h */,
				29F30C2D1DC199B0001A52DE /* MASConstraint.m */,
				29F30C2E1DC199B0001A52DE /* MASConstraintMaker.h */,
				29F30C2F1DC199B0001A52DE /* MASConstraintMaker.m */,
				29F30C301DC199B0001A52DE /* MASLayoutConstraint.h */,
				29F30C311DC199B0001A52DE /* MASLayoutConstraint.m */,
				29F30C321DC199B0001A52DE /* Masonry.h */,
				29F30C331DC199B0001A52DE /* MASUtilities.h */,
				29F30C341DC199B0001A52DE /* MASViewAttribute.h */,
				29F30C351DC199B0001A52DE /* MASViewAttribute.m */,
				29F30C361DC199B0001A52DE /* MASViewConstraint.h */,
				29F30C371DC199B0001A52DE /* MASViewConstraint.m */,
				29F30C381DC199B0001A52DE /* NSArray+MASAdditions.h */,
				29F30C391DC199B0001A52DE /* NSArray+MASAdditions.m */,
				29F30C3A1DC199B0001A52DE /* NSArray+MASShorthandAdditions.h */,
				29F30C3B1DC199B0001A52DE /* NSLayoutConstraint+MASDebugAdditions.h */,
				29F30C3C1DC199B0001A52DE /* NSLayoutConstraint+MASDebugAdditions.m */,
				29F30C3D1DC199B0001A52DE /* View+MASAdditions.h */,
				29F30C3E1DC199B0001A52DE /* View+MASAdditions.m */,
				29F30C3F1DC199B0001A52DE /* View+MASShorthandAdditions.h */,
			);
			path = Masonry;
			sourceTree = "<group>";
		};
/* End PBXGroup section */

/* Begin PBXNativeTarget section */
		2970D2791DBDBA6000A5D1EB /* GitDemo */ = {
			isa = PBXNativeTarget;
			buildConfigurationList = 2970D2911DBDBA6000A5D1EB /* Build configuration list for PBXNativeTarget "GitDemo" */;
			buildPhases = (
				2970D2761DBDBA6000A5D1EB /* Sources */,
				2970D2771DBDBA6000A5D1EB /* Frameworks */,
				2970D2781DBDBA6000A5D1EB /* Resources */,
			);
			buildRules = (
			);
			dependencies = (
			);
			name = GitDemo;
			productName = GitDemo;
			productReference = 2970D27A1DBDBA6000A5D1EB /* GitDemo.app */;
			productType = "com.apple.product-type.application";
		};
/* End PBXNativeTarget section */

/* Begin PBXProject section */
		2970D2721DBDBA6000A5D1EB /* Project object */ = {
			isa = PBXProject;
			attributes = {
				LastUpgradeCheck = 0710;
				ORGANIZATIONNAME = com.xy;
				TargetAttributes = {
					2970D2791DBDBA6000A5D1EB = {
						CreatedOnToolsVersion = 7.1;
					};
				};
			};
			buildConfigurationList = 2970D2751DBDBA6000A5D1EB /* Build configuration list for PBXProject "GitDemo" */;
			compatibilityVersion = "Xcode 3.2";
			developmentRegion = English;
			hasScannedForEncodings = 0;
			knownRegions = (
				en,
				Base,
			);
			mainGroup = 2970D2711DBDBA6000A5D1EB;
			productRefGroup = 2970D27B1DBDBA6000A5D1EB /* Products */;
			projectDirPath = "";
			projectRoot = "";
			targets = (
				2970D2791DBDBA6000A5D1EB /* GitDemo */,
			);
		};
/* End PBXProject section */

/* Begin PBXResourcesBuildPhase section */
		2970D2781DBDBA6000A5D1EB /* Resources */ = {
			isa = PBXResourcesBuildPhase;
			buildActionMask = 2147483647;
			files = (
				2970D28D1DBDBA6000A5D1EB /* LaunchScreen.storyboard in Resources */,
				2970D28A1DBDBA6000A5D1EB /* Assets.xcassets in Resources */,
				296844B41DBF00EB00992DC5 /* test2.jpg in Resources */,
				2970D2881DBDBA6000A5D1EB /* Main.storyboard in Resources */,
			);
			runOnlyForDeploymentPostprocessing = 0;
		};
/* End PBXResourcesBuildPhase section */

/* Begin PBXSourcesBuildPhase section */
		2970D2761DBDBA6000A5D1EB /* Sources */ = {
			isa = PBXSourcesBuildPhase;
			buildActionMask = 2147483647;
			files = (
				29F30C431DC199B0001A52DE /* MASConstraintMaker.m in Sources */,
				2970D2851DBDBA6000A5D1EB /* ViewController.m in Sources */,
				2970D2821DBDBA6000A5D1EB /* AppDelegate.m in Sources */,
				29F30C421DC199B0001A52DE /* MASConstraint.m in Sources */,
				29F30C441DC199B0001A52DE /* MASLayoutConstraint.m in Sources */,
				29F30C471DC199B0001A52DE /* NSArray+MASAdditions.m in Sources */,
				29F30C461DC199B0001A52DE /* MASViewConstraint.m in Sources */,
				29F30C451DC199B0001A52DE /* MASViewAttribute.m in Sources */,
				29F30C491DC199B0001A52DE /* View+MASAdditions.m in Sources */,
				2970D27F1DBDBA6000A5D1EB /* main.m in Sources */,
				295FDE641DC0979400524B48 /* newtestViewController.m in Sources */,
				29F30C411DC199B0001A52DE /* MASCompositeConstraint.m in Sources */,
				29F30C481DC199B0001A52DE /* NSLayoutConstraint+MASDebugAdditions.m in Sources */,
			);
			runOnlyForDeploymentPostprocessing = 0;
		};
/* End PBXSourcesBuildPhase section */

/* Begin PBXVariantGroup section */
		2970D2861DBDBA6000A5D1EB /* Main.storyboard */ = {
			isa = PBXVariantGroup;
			children = (
				2970D2871DBDBA6000A5D1EB /* Base */,
			);
			name = Main.storyboard;
			sourceTree = "<group>";
		};
		2970D28B1DBDBA6000A5D1EB /* LaunchScreen.storyboard */ = {
			isa = PBXVariantGroup;
			children = (
				2970D28C1DBDBA6000A5D1EB /* Base */,
			);
			name = LaunchScreen.storyboard;
			sourceTree = "<group>";
		};
/* End PBXVariantGroup section */

/* Begin XCBuildConfiguration section */
		2970D28F1DBDBA6000A5D1EB /* Debug */ = {
			isa = XCBuildConfiguration;
			buildSettings = {
				ALWAYS_SEARCH_USER_PATHS = NO;
				CLANG_CXX_LANGUAGE_STANDARD = "gnu++0x";
				CLANG_CXX_LIBRARY = "libc++";
				CLANG_ENABLE_MODULES = YES;
				CLANG_ENABLE_OBJC_ARC = YES;
				CLANG_WARN_BOOL_CONVERSION = YES;
				CLANG_WARN_CONSTANT_CONVERSION = YES;
				CLANG_WARN_DIRECT_OBJC_ISA_USAGE = YES_ERROR;
				CLANG_WARN_EMPTY_BODY = YES;
				CLANG_WARN_ENUM_CONVERSION = YES;
				CLANG_WARN_INT_CONVERSION = YES;
				CLANG_WARN_OBJC_ROOT_CLASS = YES_ERROR;
				CLANG_WARN_UNREACHABLE_CODE = YES;
				CLANG_WARN__DUPLICATE_METHOD_MATCH = YES;
				"CODE_SIGN_IDENTITY[sdk=iphoneos*]" = "iPhone Developer";
				COPY_PHASE_STRIP = NO;
				DEBUG_INFORMATION_FORMAT = dwarf;
				ENABLE_STRICT_OBJC_MSGSEND = YES;
				ENABLE_TESTABILITY = YES;
				GCC_C_LANGUAGE_STANDARD = gnu99;
				GCC_DYNAMIC_NO_PIC = NO;
				GCC_NO_COMMON_BLOCKS = YES;
				GCC_OPTIMIZATION_LEVEL = 0;
				GCC_PREPROCESSOR_DEFINITIONS = (
					"DEBUG=1",
					"$(inherited)",
				);
				GCC_WARN_64_TO_32_BIT_CONVERSION = YES;
				GCC_WARN_ABOUT_RETURN_TYPE = YES_ERROR;
				GCC_WARN_UNDECLARED_SELECTOR = YES;
				GCC_WARN_UNINITIALIZED_AUTOS = YES_AGGRESSIVE;
				GCC_WARN_UNUSED_FUNCTION = YES;
				GCC_WARN_UNUSED_VARIABLE = YES;
				IPHONEOS_DEPLOYMENT_TARGET = 9.1;
				MTL_ENABLE_DEBUG_INFO = YES;
				ONLY_ACTIVE_ARCH = YES;
				SDKROOT = iphoneos;
			};
			name = Debug;
		};
		2970D2901DBDBA6000A5D1EB /* Release */ = {
			isa = XCBuildConfiguration;
			buildSettings = {
				ALWAYS_SEARCH_USER_PATHS = NO;
				CLANG_CXX_LANGUAGE_STANDARD = "gnu++0x";
				CLANG_CXX_LIBRARY = "libc++";
				CLANG_ENABLE_MODULES = YES;
				CLANG_ENABLE_OBJC_ARC = YES;
				CLANG_WARN_BOOL_CONVERSION = YES;
				CLANG_WARN_CONSTANT_CONVERSION = YES;
				CLANG_WARN_DIRECT_OBJC_ISA_USAGE = YES_ERROR;
				CLANG_WARN_EMPTY_BODY = YES;
				CLANG_WARN_ENUM_CONVERSION = YES;
				CLANG_WARN_INT_CONVERSION = YES;
				CLANG_WARN_OBJC_ROOT_CLASS = YES_ERROR;
				CLANG_WARN_UNREACHABLE_CODE = YES;
				CLANG_WARN__DUPLICATE_METHOD_MATCH = YES;
				"CODE_SIGN_IDENTITY[sdk=iphoneos*]" = "iPhone Developer";
				COPY_PHASE_STRIP = NO;
				DEBUG_INFORMATION_FORMAT = "dwarf-with-dsym";
				ENABLE_NS_ASSERTIONS = NO;
				ENABLE_STRICT_OBJC_MSGSEND = YES;
				GCC_C_LANGUAGE_STANDARD = gnu99;
				GCC_NO_COMMON_BLOCKS = YES;
				GCC_WARN_64_TO_32_BIT_CONVERSION = YES;
				GCC_WARN_ABOUT_RETURN_TYPE = YES_ERROR;
				GCC_WARN_UNDECLARED_SELECTOR = YES;
				GCC_WARN_UNINITIALIZED_AUTOS = YES_AGGRESSIVE;
				GCC_WARN_UNUSED_FUNCTION = YES;
				GCC_WARN_UNUSED_VARIABLE = YES;
				IPHONEOS_DEPLOYMENT_TARGET = 9.1;
				MTL_ENABLE_DEBUG_INFO = NO;
				SDKROOT = iphoneos;
				VALIDATE_PRODUCT = YES;
			};
			name = Release;
		};
		2970D2921DBDBA6000A5D1EB /* Debug */ = {
			isa = XCBuildConfiguration;
			buildSettings = {
				ASSETCATALOG_COMPILER_APPICON_NAME = AppIcon;
				INFOPLIST_FILE = GitDemo/Info.plist;
				IPHONEOS_DEPLOYMENT_TARGET = 6.0;
				LD_RUNPATH_SEARCH_PATHS = "$(inherited) @executable_path/Frameworks";
				PRODUCT_BUNDLE_IDENTIFIER = com.GitDemo;
				PRODUCT_NAME = "$(TARGET_NAME)";
			};
			name = Debug;
		};
		2970D2931DBDBA6000A5D1EB /* Release */ = {
			isa = XCBuildConfiguration;
			buildSettings = {
				ASSETCATALOG_COMPILER_APPICON_NAME = AppIcon;
				INFOPLIST_FILE = GitDemo/Info.plist;
				IPHONEOS_DEPLOYMENT_TARGET = 6.0;
				LD_RUNPATH_SEARCH_PATHS = "$(inherited) @executable_path/Frameworks";
				PRODUCT_BUNDLE_IDENTIFIER = com.GitDemo;
				PRODUCT_NAME = "$(TARGET_NAME)";
			};
			name = Release;
		};
/* End XCBuildConfiguration section */

/* Begin XCConfigurationList section */
		2970D2751DBDBA6000A5D1EB /* Build configuration list for PBXProject "GitDemo" */ = {
			isa = XCConfigurationList;
			buildConfigurations = (
				2970D28F1DBDBA6000A5D1EB /* Debug */,
				2970D2901DBDBA6000A5D1EB /* Release */,
			);
			defaultConfigurationIsVisible = 0;
			defaultConfigurationName = Release;
		};
		2970D2911DBDBA6000A5D1EB /* Build configuration list for PBXNativeTarget "GitDemo" */ = {
			isa = XCConfigurationList;
			buildConfigurations = (
				2970D2921DBDBA6000A5D1EB /* Debug */,
				2970D2931DBDBA6000A5D1EB /* Release */,
			);
			defaultConfigurationIsVisible = 0;
			defaultConfigurationName = Release;
		};
/* End XCConfigurationList section */
	};
	rootObject = 2970D2721DBDBA6000A5D1EB /* Project object */;
}
